
Microsoft Visual Studio Solution File, Format Version 12.00
# Visual Studio 15
VisualStudioVersion = 15.0.28307.1062
MinimumVisualStudioVersion = 10.0.40219.1
Project("{FAE04EC0-301F-11D3-BF4B-00C04F79EFBC}") = "ApkManager", "ApkManager\ApkManager.csproj", "{C85D0CEC-1D74-46DF-854E-8D9F5E051271}"
EndProject
Global
	GlobalSection(SolutionConfigurationPlatforms) = preSolution
		Debug|Any CPU = Debug|Any CPU
		Release|Any CPU = Release|Any CPU
	EndGlobalSection
	GlobalSection(ProjectConfigurationPlatforms) = postSolution
		{C85D0CEC-1D74-46DF-854E-8D9F5E051271}.Debug|Any CPU.ActiveCfg = Debug|Any CPU
		{C85D0CEC-1D74-46DF-854E-8D9F5E051271}.Debug|Any CPU.Build.0 = Debug|Any CPU
		{C85D0CEC-1D74-46DF-854E-8D9F5E051271}.Release|Any CPU.ActiveCfg = Release|Any CPU
		{C85D0CEC-1D74-46DF-854E-8D9F5E051271}.Release|Any CPU.Build.0 = Release|Any CPU
	EndGlobalSection
	GlobalSection(SolutionProperties) = preSolution
		HideSolutionNode = FALSE
	EndGlobalSection
	GlobalSection(ExtensibilityGlobals) = postSolution
		SolutionGuid = {76C198D9-E880-4CC1-820A-1F06F1F219A1}
	EndGlobalSection
EndGlobal
